
Microsoft Visual Studio Solution File, Format Version 12.00
# Visual Studio Version 16
VisualStudioVersion = 16.0.32413.511
MinimumVisualStudioVersion = 10.0.40219.1
Project("{FAE04EC0-301F-11D3-BF4B-00C04F79EFBC}") = "tommynulled", "tommynulled.csproj", "{615CFEDE-787E-4F95-A426-DFCE89F07EC5}"
EndProject
Global
	GlobalSection(SolutionConfigurationPlatforms) = preSolution
		Debug|Any CPU = Debug|Any CPU
		Release|Any CPU = Release|Any CPU
	EndGlobalSection
	GlobalSection(ProjectConfigurationPlatforms) = postSolution
		{615CFEDE-787E-4F95-A426-DFCE89F07EC5}.Debug|Any CPU.ActiveCfg = Debug|Any CPU
		{615CFEDE-787E-4F95-A426-DFCE89F07EC5}.Debug|Any CPU.Build.0 = Debug|Any CPU
		{615CFEDE-787E-4F95-A426-DFCE89F07EC5}.Release|Any CPU.ActiveCfg = Release|Any CPU
		{615CFEDE-787E-4F95-A426-DFCE89F07EC5}.Release|Any CPU.Build.0 = Release|Any CPU
	EndGlobalSection
	GlobalSection(SolutionProperties) = preSolution
		HideSolutionNode = FALSE
	EndGlobalSection
	GlobalSection(ExtensibilityGlobals) = postSolution
		SolutionGuid = {FC3673DF-AD8E-4273-BCB8-16F527805532}
	EndGlobalSection
EndGlobal
